
Microsoft Visual Studio Solution File, Format Version 12.00
# Visual Studio Version 16
VisualStudioVersion = 16.0.29230.47
MinimumVisualStudioVersion = 10.0.40219.1
Project("{FAE04EC0-301F-11D3-BF4B-00C04F79EFBC}") = "3", "3\3.csproj", "{ED099747-BCC7-48B0-A126-DFB4B5780F3B}"
EndProject
Global
	GlobalSection(SolutionConfigurationPlatforms) = preSolution
		Debug|Any CPU = Debug|Any CPU
		Release|Any CPU = Release|Any CPU
	EndGlobalSection
	GlobalSection(ProjectConfigurationPlatforms) = postSolution
		{ED099747-BCC7-48B0-A126-DFB4B5780F3B}.Debug|Any CPU.ActiveCfg = Debug|Any CPU
		{ED099747-BCC7-48B0-A126-DFB4B5780F3B}.Debug|Any CPU.Build.0 = Debug|Any CPU
		{ED099747-BCC7-48B0-A126-DFB4B5780F3B}.Release|Any CPU.ActiveCfg = Release|Any CPU
		{ED099747-BCC7-48B0-A126-DFB4B5780F3B}.Release|Any CPU.Build.0 = Release|Any CPU
	EndGlobalSection
	GlobalSection(SolutionProperties) = preSolution
		HideSolutionNode = FALSE
	EndGlobalSection
	GlobalSection(ExtensibilityGlobals) = postSolution
		SolutionGuid = {88965924-43AE-46EC-84A8-3DA4F764C68C}
	EndGlobalSection
EndGlobal
